
Microsoft Visual Studio Solution File, Format Version 12.00
# Visual Studio 15
VisualStudioVersion = 15.0.28307.852
MinimumVisualStudioVersion = 10.0.40219.1
Project("{E24C65DC-7377-472B-9ABA-BC803B73C61A}") = "NJUAIA", "NJUAIA\", "{E3F326A8-065A-4568-9ADD-23C05CA2A2E3}"
	ProjectSection(WebsiteProperties) = preProject
		TargetFrameworkMoniker = ".NETFramework,Version%3Dv4.6.1"
		Debug.AspNetCompiler.VirtualPath = "/localhost_63364"
		Debug.AspNetCompiler.PhysicalPath = "NJUAIA\"
		Debug.AspNetCompiler.TargetPath = "PrecompiledWeb\localhost_63364\"
		Debug.AspNetCompiler.Updateable = "true"
		Debug.AspNetCompiler.ForceOverwrite = "true"
		Debug.AspNetCompiler.FixedNames = "false"
		Debug.AspNetCompiler.Debug = "True"
		Release.AspNetCompiler.VirtualPath = "/localhost_63364"
		Release.AspNetCompiler.PhysicalPath = "NJUAIA\"
		Release.AspNetCompiler.TargetPath = "PrecompiledWeb\localhost_63364\"
		Release.AspNetCompiler.Updateable = "true"
		Release.AspNetCompiler.ForceOverwrite = "true"
		Release.AspNetCompiler.FixedNames = "false"
		Release.AspNetCompiler.Debug = "False"
		VWDPort = "63364"
		SlnRelativePath = "NJUAIA\"
		DefaultWebSiteLanguage = "Visual C#"
	EndProjectSection
EndProject
Global
	GlobalSection(SolutionConfigurationPlatforms) = preSolution
		Debug|Any CPU = Debug|Any CPU
	EndGlobalSection
	GlobalSection(ProjectConfigurationPlatforms) = postSolution
		{E3F326A8-065A-4568-9ADD-23C05CA2A2E3}.Debug|Any CPU.ActiveCfg = Debug|Any CPU
		{E3F326A8-065A-4568-9ADD-23C05CA2A2E3}.Debug|Any CPU.Build.0 = Debug|Any CPU
	EndGlobalSection
	GlobalSection(SolutionProperties) = preSolution
		HideSolutionNode = FALSE
	EndGlobalSection
	GlobalSection(ExtensibilityGlobals) = postSolution
		SolutionGuid = {17D866A3-4E96-4951-9427-B86C0DBF60F4}
	EndGlobalSection
EndGlobal
